// !$*UTF8*$!
{
	archiveVersion = 1;
	classes = {
	};
	objectVersion = 46;
	objects = {

/* Begin PBXBuildFile section */
		A165CFE61F4CB5E9009F4B5F /* SMCalloutView.h in Headers */ = {isa = PBXBuildFile; fileRef = A165CFE21F4CB5E9009F4B5F /* SMCalloutView.h */; settings = {ATTRIBUTES = (Public, ); }; };
		A165CFE71F4CB5E9009F4B5F /* SMClassicCalloutView.h in Headers */ = {isa = PBXBuildFile; fileRef = A165CFE31F4CB5E9009F4B5F /* SMClassicCalloutView.h */; settings = {ATTRIBUTES = (Public, ); }; };
		A165CFE81F4CB5E9009F4B5F /* SMCalloutView.m in Sources */ = {isa = PBXBuildFile; fileRef = A165CFE41F4CB5E9009F4B5F /* SMCalloutView.m */; };
		A165CFE91F4CB5E9009F4B5F /* SMClassicCalloutView.m in Sources */ = {isa = PBXBuildFile; fileRef = A165CFE51F4CB5E9009F4B5F /* SMClassicCalloutView.m */; };
		A165CFEC1F4CB636009F4B5F /* UIKit.framework in Frameworks */ = {isa = PBXBuildFile; fileRef = A165CFEB1F4CB636009F4B5F /* UIKit.framework */; };
/* End PBXBuildFile section */

/* Begin PBXFileReference section */
		A165CFE21F4CB5E9009F4B5F /* SMCalloutView.h */ = {isa = PBXFileReference; fileEncoding = 4; lastKnownFileType = sourcecode.c.h; path = SMCalloutView.h; sourceTree = "<group>"; };
		A165CFE31F4CB5E9009F4B5F /* SMClassicCalloutView.h */ = {isa = PBXFileReference; fileEncoding = 4; lastKnownFileType = sourcecode.c.h; path = SMClassicCalloutView.h; sourceTree = "<group>"; };
		A165CFE41F4CB5E9009F4B5F /* SMCalloutView.m */ = {isa = PBXFileReference; fileEncoding = 4; lastKnownFileType = sourcecode.c.objc; path = SMCalloutView.m; sourceTree = "<group>"; };
		A165CFE51F4CB5E9009F4B5F /* SMClassicCalloutView.m */ = {isa = PBXFileReference; fileEncoding = 4; lastKnownFileType = sourcecode.c.objc; path = SMClassicCalloutView.m; sourceTree = "<group>"; };
		A165CFEB1F4CB636009F4B5F /* UIKit.framework */ = {isa = PBXFileReference; lastKnownFileType = wrapper.framework; name = UIKit.framework; path = System/Library/Frameworks/UIKit.framework; sourceTree = SDKROOT; };
		A172E9A91F4CB58B00AB43DA /* SMCalloutView.framework */ = {isa = PBXFileReference; explicitFileType = wrapper.framework; includeInIndex = 0; path = SMCalloutView.framework; sourceTree = BUILT_PRODUCTS_DIR; };
		A172E9AD1F4CB58B00AB43DA /* Info.plist */ = {isa = PBXFileReference; lastKnownFileType = text.plist.xml; path = Info.plist; sourceTree = "<group>"; };
/* End PBXFileReference section */

/* Begin PBXFrameworksBuildPhase section */
		A172E9A51F4CB58B00AB43DA /* Frameworks */ = {
			isa = PBXFrameworksBuildPhase;
			buildActionMask = 2147483647;
			files = (
				A165CFEC1F4CB636009F4B5F /* UIKit.framework in Frameworks */,
			);
			runOnlyForDeploymentPostprocessing = 0;
		};
/* End PBXFrameworksBuildPhase section */

/* Begin PBXGroup section */
		A165CFEA1F4CB635009F4B5F /* Frameworks */ = {
			isa = PBXGroup;
			children = (
				A165CFEB1F4CB636009F4B5F /* UIKit.framework */,
			);
			name = Frameworks;
			sourceTree = "<group>";
		};
		A172E99F1F4CB58B00AB43DA = {
			isa = PBXGroup;
			children = (
				A172E9AB1F4CB58B00AB43DA /* SMCalloutView */,
				A172E9AA1F4CB58B00AB43DA /* Products */,
				A165CFEA1F4CB635009F4B5F /* Frameworks */,
			);
			sourceTree = "<group>";
		};
		A172E9AA1F4CB58B00AB43DA /* Products */ = {
			isa = PBXGroup;
			children = (
				A172E9A91F4CB58B00AB43DA /* SMCalloutView.framework */,
			);
			name = Products;
			sourceTree = "<group>";
		};
		A172E9AB1F4CB58B00AB43DA /* SMCalloutView */ = {
			isa = PBXGroup;
			children = (
				A165CFE21F4CB5E9009F4B5F /* SMCalloutView.h */,
				A165CFE31F4CB5E9009F4B5F /* SMClassicCalloutView.h */,
				A165CFE41F4CB5E9009F4B5F /* SMCalloutView.m */,
				A165CFE51F4CB5E9009F4B5F /* SMClassicCalloutView.m */,
				A172E9AD1F4CB58B00AB43DA /* Info.plist */,
			);
			path = SMCalloutView;
			sourceTree = "<group>";
		};
/* End PBXGroup section */

/* Begin PBXHeadersBuildPhase section */
		A172E9A61F4CB58B00AB43DA /* Headers */ = {
			isa = PBXHeadersBuildPhase;
			buildActionMask = 2147483647;
			files = (
				A165CFE61F4CB5E9009F4B5F /* SMCalloutView.h in Headers */,
				A165CFE71F4CB5E9009F4B5F /* SMClassicCalloutView.h in Headers */,
			);
			runOnlyForDeploymentPostprocessing = 0;
		};
/* End PBXHeadersBuildPhase section */

/* Begin PBXNativeTarget section */
		A172E9A81F4CB58B00AB43DA /* SMCalloutView */ = {
			isa = PBXNativeTarget;
			buildConfigurationList = A172E9B11F4CB58B00AB43DA /* Build configuration list for PBXNativeTarget "SMCalloutView" */;
			buildPhases = (
				A172E9A41F4CB58B00AB43DA /* Sources */,
				A172E9A51F4CB58B00AB43DA /* Frameworks */,
				A172E9A61F4CB58B00AB43DA /* Headers */,
				A172E9A71F4CB58B00AB43DA /* Resources */,
			);
			buildRules = (
			);
			dependencies = (
			);
			name = SMCalloutView;
			productName = SMCalloutView;
			productReference = A172E9A91F4CB58B00AB43DA /* SMCalloutView.framework */;
			productType = "com.apple.product-type.framework";
		};
/* End PBXNativeTarget section */

/* Begin PBXProject section */
		A172E9A01F4CB58B00AB43DA /* Project object */ = {
			isa = PBXProject;
			attributes = {
				LastUpgradeCheck = 0830;
				ORGANIZATIONNAME = aayers;
				TargetAttributes = {
					A172E9A81F4CB58B00AB43DA = {
						CreatedOnToolsVersion = 8.3.3;
						ProvisioningStyle = Automatic;
					};
				};
			};
			buildConfigurationList = A172E9A31F4CB58B00AB43DA /* Build configuration list for PBXProject "SMCalloutView" */;
			compatibilityVersion = "Xcode 3.2";
			developmentRegion = English;
			hasScannedForEncodings = 0;
			knownRegions = (
				en,
			);
			mainGroup = A172E99F1F4CB58B00AB43DA;
			productRefGroup = A172E9AA1F4CB58B00AB43DA /* Products */;
			projectDirPath = "";
			projectRoot = "";
			targets = (
				A172E9A81F4CB58B00AB43DA /* SMCalloutView */,
			);
		};
/* End PBXProject section */

/* Begin PBXResourcesBuildPhase section */
		A172E9A71F4CB58B00AB43DA /* Resources */ = {
			isa = PBXResourcesBuildPhase;
			buildActionMask = 2147483647;
			files = (
			);
			runOnlyForDeploymentPostprocessing = 0;
		};
/* End PBXResourcesBuildPhase section */

/* Begin PBXSourcesBuildPhase section */
		A172E9A41F4CB58B00AB43DA /* Sources */ = {
			isa = PBXSourcesBuildPhase;
			buildActionMask = 2147483647;
			files = (
				A165CFE91F4CB5E9009F4B5F /* SMClassicCalloutView.m in Sources */,
				A165CFE81F4CB5E9009F4B5F /* SMCalloutView.m in Sources */,
			);
			runOnlyForDeploymentPostprocessing = 0;
		};
/* End PBXSourcesBuildPhase section */

/* Begin XCBuildConfiguration section */
		A172E9AF1F4CB58B00AB43DA /* Debug */ = {
			isa = XCBuildConfiguration;
			buildSettings = {
				ALWAYS_SEARCH_USER_PATHS = NO;
				CLANG_ANALYZER_NONNULL = YES;
				CLANG_ANALYZER_NUMBER_OBJECT_CONVERSION = YES_AGGRESSIVE;
				CLANG_CXX_LANGUAGE_STANDARD = "gnu++0x";
				CLANG_CXX_LIBRARY = "libc++";
				CLANG_ENABLE_MODULES = YES;
				CLANG_ENABLE_OBJC_ARC = YES;
				CLANG_WARN_BOOL_CONVERSION = YES;
				CLANG_WARN_CONSTANT_CONVERSION = YES;
				CLANG_WARN_DIRECT_OBJC_ISA_USAGE = YES_ERROR;
				CLANG_WARN_DOCUMENTATION_COMMENTS = YES;
				CLANG_WARN_EMPTY_BODY = YES;
				CLANG_WARN_ENUM_CONVERSION = YES;
				CLANG_WARN_INFINITE_RECURSION = YES;
				CLANG_WARN_INT_CONVERSION = YES;
				CLANG_WARN_OBJC_ROOT_CLASS = YES_ERROR;
				CLANG_WARN_SUSPICIOUS_MOVE = YES;
				CLANG_WARN_UNREACHABLE_CODE = YES;
				CLANG_WARN__DUPLICATE_METHOD_MATCH = YES;
				CODE_SIGN_IDENTITY = "-";
				COPY_PHASE_STRIP = NO;
				CURRENT_PROJECT_VERSION = 1;
				DEBUG_INFORMATION_FORMAT = dwarf;
				ENABLE_STRICT_OBJC_MSGSEND = YES;
				ENABLE_TESTABILITY = YES;
				GCC_C_LANGUAGE_STANDARD = gnu99;
				GCC_DYNAMIC_NO_PIC = NO;
				GCC_NO_COMMON_BLOCKS = YES;
				GCC_OPTIMIZATION_LEVEL = 0;
				GCC_PREPROCESSOR_DEFINITIONS = (
					"DEBUG=1",
					"$(inherited)",
				);
				GCC_WARN_64_TO_32_BIT_CONVERSION = YES;
				GCC_WARN_ABOUT_RETURN_TYPE = YES_ERROR;
				GCC_WARN_UNDECLARED_SELECTOR = YES;
				GCC_WARN_UNINITIALIZED_AUTOS = YES_AGGRESSIVE;
				GCC_WARN_UNUSED_FUNCTION = YES;
				GCC_WARN_UNUSED_VARIABLE = YES;
				MACOSX_DEPLOYMENT_TARGET = 10.12;
				MTL_ENABLE_DEBUG_INFO = YES;
				ONLY_ACTIVE_ARCH = YES;
				SDKROOT = iphoneos10.3;
				VERSIONING_SYSTEM = "apple-generic";
				VERSION_INFO_PREFIX = "";
			};
			name = Debug;
		};
		A172E9B01F4CB58B00AB43DA /* Release */ = {
			isa = XCBuildConfiguration;
			buildSettings = {
				ALWAYS_SEARCH_USER_PATHS = NO;
				CLANG_ANALYZER_NONNULL = YES;
				CLANG_ANALYZER_NUMBER_OBJECT_CONVERSION = YES_AGGRESSIVE;
				CLANG_CXX_LANGUAGE_STANDARD = "gnu++0x";
				CLANG_CXX_LIBRARY = "libc++";
				CLANG_ENABLE_MODULES = YES;
				CLANG_ENABLE_OBJC_ARC = YES;
				CLANG_WARN_BOOL_CONVERSION = YES;
				CLANG_WARN_CONSTANT_CONVERSION = YES;
				CLANG_WARN_DIRECT_OBJC_ISA_USAGE = YES_ERROR;
				CLANG_WARN_DOCUMENTATION_COMMENTS = YES;
				CLANG_WARN_EMPTY_BODY = YES;
				CLANG_WARN_ENUM_CONVERSION = YES;
				CLANG_WARN_INFINITE_RECURSION = YES;
				CLANG_WARN_INT_CONVERSION = YES;
				CLANG_WARN_OBJC_ROOT_CLASS = YES_ERROR;
				CLANG_WARN_SUSPICIOUS_MOVE = YES;
				CLANG_WARN_UNREACHABLE_CODE = YES;
				CLANG_WARN__DUPLICATE_METHOD_MATCH = YES;
				CODE_SIGN_IDENTITY = "-";
				COPY_PHASE_STRIP = NO;
				CURRENT_PROJECT_VERSION = 1;
				DEBUG_INFORMATION_FORMAT = "dwarf-with-dsym";
				ENABLE_NS_ASSERTIONS = NO;
				ENABLE_STRICT_OBJC_MSGSEND = YES;
				GCC_C_LANGUAGE_STANDARD = gnu99;
				GCC_NO_COMMON_BLOCKS = YES;
				GCC_WARN_64_TO_32_BIT_CONVERSION = YES;
				GCC_WARN_ABOUT_RETURN_TYPE = YES_ERROR;
				GCC_WARN_UNDECLARED_SELECTOR = YES;
				GCC_WARN_UNINITIALIZED_AUTOS = YES_AGGRESSIVE;
				GCC_WARN_UNUSED_FUNCTION = YES;
				GCC_WARN_UNUSED_VARIABLE = YES;
				MACOSX_DEPLOYMENT_TARGET = 10.12;
				MTL_ENABLE_DEBUG_INFO = NO;
				SDKROOT = iphoneos10.3;
				VERSIONING_SYSTEM = "apple-generic";
				VERSION_INFO_PREFIX = "";
			};
			name = Release;
		};
		A172E9B21F4CB58B00AB43DA /* Debug */ = {
			isa = XCBuildConfiguration;
			buildSettings = {
				CODE_SIGN_IDENTITY = "";
				COMBINE_HIDPI_IMAGES = YES;
				DEFINES_MODULE = YES;
				DYLIB_COMPATIBILITY_VERSION = 1;
				DYLIB_CURRENT_VERSION = 1;
				DYLIB_INSTALL_NAME_BASE = "@rpath";
				FRAMEWORK_VERSION = A;
				INFOPLIST_FILE = SMCalloutView/Info.plist;
				INSTALL_PATH = "$(LOCAL_LIBRARY_DIR)/Frameworks";
				LD_RUNPATH_SEARCH_PATHS = "$(inherited) @executable_path/../Frameworks @loader_path/Frameworks";
				PRODUCT_BUNDLE_IDENTIFIER = com.aayers.SMCalloutView;
				PRODUCT_NAME = "$(TARGET_NAME)";
				SKIP_INSTALL = YES;
			};
			name = Debug;
		};
		A172E9B31F4CB58B00AB43DA /* Release */ = {
			isa = XCBuildConfiguration;
			buildSettings = {
				CODE_SIGN_IDENTITY = "";
				COMBINE_HIDPI_IMAGES = YES;
				DEFINES_MODULE = YES;
				DYLIB_COMPATIBILITY_VERSION = 1;
				DYLIB_CURRENT_VERSION = 1;
				DYLIB_INSTALL_NAME_BASE = "@rpath";
				FRAMEWORK_VERSION = A;
				INFOPLIST_FILE = SMCalloutView/Info.plist;
				INSTALL_PATH = "$(LOCAL_LIBRARY_DIR)/Frameworks";
				LD_RUNPATH_SEARCH_PATHS = "$(inherited) @executable_path/../Frameworks @loader_path/Frameworks";
				PRODUCT_BUNDLE_IDENTIFIER = com.aayers.SMCalloutView;
				PRODUCT_NAME = "$(TARGET_NAME)";
				SKIP_INSTALL = YES;
			};
			name = Release;
		};
/* End XCBuildConfiguration section */

/* Begin XCConfigurationList section */
		A172E9A31F4CB58B00AB43DA /* Build configuration list for PBXProject "SMCalloutView" */ = {
			isa = XCConfigurationList;
			buildConfigurations = (
				A172E9AF1F4CB58B00AB43DA /* Debug */,
				A172E9B01F4CB58B00AB43DA /* Release */,
			);
			defaultConfigurationIsVisible = 0;
			defaultConfigurationName = Release;
		};
		A172E9B11F4CB58B00AB43DA /* Build configuration list for PBXNativeTarget "SMCalloutView" */ = {
			isa = XCConfigurationList;
			buildConfigurations = (
				A172E9B21F4CB58B00AB43DA /* Debug */,
				A172E9B31F4CB58B00AB43DA /* Release */,
			);
			defaultConfigurationIsVisible = 0;
			defaultConfigurationName = Release;
		};
/* End XCConfigurationList section */
	};
	rootObject = A172E9A01F4CB58B00AB43DA /* Project object */;
}
